
Microsoft Visual Studio Solution File, Format Version 12.00
# Visual Studio Version 17
VisualStudioVersion = 17.8.34309.116
MinimumVisualStudioVersion = 10.0.40219.1
Project("{FAE04EC0-301F-11D3-BF4B-00C04F79EFBC}") = "GameOfWar", "GameOfWar\GameOfWar.csproj", "{8F5F7C0F-D724-41F9-BC2F-264A55457E0D}"
EndProject
Global
	GlobalSection(SolutionConfigurationPlatforms) = preSolution
		Debug|Any CPU = Debug|Any CPU
		Release|Any CPU = Release|Any CPU
	EndGlobalSection
	GlobalSection(ProjectConfigurationPlatforms) = postSolution
		{8F5F7C0F-D724-41F9-BC2F-264A55457E0D}.Debug|Any CPU.ActiveCfg = Debug|Any CPU
		{8F5F7C0F-D724-41F9-BC2F-264A55457E0D}.Debug|Any CPU.Build.0 = Debug|Any CPU
		{8F5F7C0F-D724-41F9-BC2F-264A55457E0D}.Release|Any CPU.ActiveCfg = Release|Any CPU
		{8F5F7C0F-D724-41F9-BC2F-264A55457E0D}.Release|Any CPU.Build.0 = Release|Any CPU
	EndGlobalSection
	GlobalSection(SolutionProperties) = preSolution
		HideSolutionNode = FALSE
	EndGlobalSection
	GlobalSection(ExtensibilityGlobals) = postSolution
		SolutionGuid = {03B6CA93-CAF3-4DBB-9C00-1590977107AA}
	EndGlobalSection
EndGlobal
